// !$*UTF8*$!
{
	archiveVersion = 1;
	classes = {
	};
	objectVersion = 46;
	objects = {

/* Begin PBXBuildFile section */
		A698E90C1D420AF8002CB2F4 /* main.m in Sources */ = {isa = PBXBuildFile; fileRef = A698E90B1D420AF8002CB2F4 /* main.m */; };
		A698E90F1D420AF8002CB2F4 /* AppDelegate.m in Sources */ = {isa = PBXBuildFile; fileRef = A698E90E1D420AF8002CB2F4 /* AppDelegate.m */; };
		A698E9121D420AF8002CB2F4 /* ViewController.m in Sources */ = {isa = PBXBuildFile; fileRef = A698E9111D420AF8002CB2F4 /* ViewController.m */; };
		A698E9151D420AF8002CB2F4 /* Main.storyboard in Resources */ = {isa = PBXBuildFile; fileRef = A698E9131D420AF8002CB2F4 /* Main.storyboard */; };
		A698E9171D420AF8002CB2F4 /* Assets.xcassets in Resources */ = {isa = PBXBuildFile; fileRef = A698E9161D420AF8002CB2F4 /* Assets.xcassets */; };
		A698E91A1D420AF9002CB2F4 /* LaunchScreen.storyboard in Resources */ = {isa = PBXBuildFile; fileRef = A698E9181D420AF9002CB2F4 /* LaunchScreen.storyboard */; };
		A698E9221D420B19002CB2F4 /* status.plist in Resources */ = {isa = PBXBuildFile; fileRef = A698E9211D420B19002CB2F4 /* status.plist */; };
		A698E9251D420B4B002CB2F4 /* StatusModel.m in Sources */ = {isa = PBXBuildFile; fileRef = A698E9241D420B4B002CB2F4 /* StatusModel.m */; };
		A698E9281D420B61002CB2F4 /* NSObject+autoLogProperty.m in Sources */ = {isa = PBXBuildFile; fileRef = A698E9271D420B61002CB2F4 /* NSObject+autoLogProperty.m */; };
		A698E92B1D420C8B002CB2F4 /* UserModel.m in Sources */ = {isa = PBXBuildFile; fileRef = A698E92A1D420C8B002CB2F4 /* UserModel.m */; };
		A698E92E1D42152B002CB2F4 /* NSObject+Model.m in Sources */ = {isa = PBXBuildFile; fileRef = A698E92D1D42152B002CB2F4 /* NSObject+Model.m */; };
/* End PBXBuildFile section */

/* Begin PBXFileReference section */
		A698E9071D420AF8002CB2F4 /* Runtime(字典转模型).app */ = {isa = PBXFileReference; explicitFileType = wrapper.application; includeInIndex = 0; path = "Runtime(字典转模型).app"; sourceTree = BUILT_PRODUCTS_DIR; };
		A698E90B1D420AF8002CB2F4 /* main.m */ = {isa = PBXFileReference; lastKnownFileType = sourcecode.c.objc; path = main.m; sourceTree = "<group>"; };
		A698E90D1D420AF8002CB2F4 /* AppDelegate.h */ = {isa = PBXFileReference; lastKnownFileType = sourcecode.c.h; path = AppDelegate.h; sourceTree = "<group>"; };
		A698E90E1D420AF8002CB2F4 /* AppDelegate.m */ = {isa = PBXFileReference; lastKnownFileType = sourcecode.c.objc; path = AppDelegate.m; sourceTree = "<group>"; };
		A698E9101D420AF8002CB2F4 /* ViewController.h */ = {isa = PBXFileReference; lastKnownFileType = sourcecode.c.h; path = ViewController.h; sourceTree = "<group>"; };
		A698E9111D420AF8002CB2F4 /* ViewController.m */ = {isa = PBXFileReference; lastKnownFileType = sourcecode.c.objc; path = ViewController.m; sourceTree = "<group>"; };
		A698E9141D420AF8002CB2F4 /* Base */ = {isa = PBXFileReference; lastKnownFileType = file.storyboard; name = Base; path = Base.lproj/Main.storyboard; sourceTree = "<group>"; };
		A698E9161D420AF8002CB2F4 /* Assets.xcassets */ = {isa = PBXFileReference; lastKnownFileType = folder.assetcatalog; path = Assets.xcassets; sourceTree = "<group>"; };
		A698E9191D420AF9002CB2F4 /* Base */ = {isa = PBXFileReference; lastKnownFileType = file.storyboard; name = Base; path = Base.lproj/LaunchScreen.storyboard; sourceTree = "<group>"; };
		A698E91B1D420AF9002CB2F4 /* Info.plist */ = {isa = PBXFileReference; lastKnownFileType = text.plist.xml; path = Info.plist; sourceTree = "<group>"; };
		A698E9211D420B19002CB2F4 /* status.plist */ = {isa = PBXFileReference; fileEncoding = 4; lastKnownFileType = text.plist.xml; path = status.plist; sourceTree = "<group>"; };
		A698E9231D420B4B002CB2F4 /* StatusModel.h */ = {isa = PBXFileReference; fileEncoding = 4; lastKnownFileType = sourcecode.c.h; path = StatusModel.h; sourceTree = "<group>"; };
		A698E9241D420B4B002CB2F4 /* StatusModel.m */ = {isa = PBXFileReference; fileEncoding = 4; lastKnownFileType = sourcecode.c.objc; path = StatusModel.m; sourceTree = "<group>"; };
		A698E9261D420B61002CB2F4 /* NSObject+autoLogProperty.h */ = {isa = PBXFileReference; fileEncoding = 4; lastKnownFileType = sourcecode.c.h; path = "NSObject+autoLogProperty.h"; sourceTree = "<group>"; };
		A698E9271D420B61002CB2F4 /* NSObject+autoLogProperty.m */ = {isa = PBXFileReference; fileEncoding = 4; lastKnownFileType = sourcecode.c.objc; path = "NSObject+autoLogProperty.m"; sourceTree = "<group>"; };
		A698E9291D420C8B002CB2F4 /* UserModel.h */ = {isa = PBXFileReference; fileEncoding = 4; lastKnownFileType = sourcecode.c.h; path = UserModel.h; sourceTree = "<group>"; };
		A698E92A1D420C8B002CB2F4 /* UserModel.m */ = {isa = PBXFileReference; fileEncoding = 4; lastKnownFileType = sourcecode.c.objc; path = UserModel.m; sourceTree = "<group>"; };
		A698E92C1D42152B002CB2F4 /* NSObject+Model.h */ = {isa = PBXFileReference; fileEncoding = 4; lastKnownFileType = sourcecode.c.h; path = "NSObject+Model.h"; sourceTree = "<group>"; };
		A698E92D1D42152B002CB2F4 /* NSObject+Model.m */ = {isa = PBXFileReference; fileEncoding = 4; lastKnownFileType = sourcecode.c.objc; path = "NSObject+Model.m"; sourceTree = "<group>"; };
/* End PBXFileReference section */

/* Begin PBXFrameworksBuildPhase section */
		A698E9041D420AF8002CB2F4 /* Frameworks */ = {
			isa = PBXFrameworksBuildPhase;
			buildActionMask = 2147483647;
			files = (
			);
			runOnlyForDeploymentPostprocessing = 0;
		};
/* End PBXFrameworksBuildPhase section */

/* Begin PBXGroup section */
		A698E8FE1D420AF8002CB2F4 = {
			isa = PBXGroup;
			children = (
				A698E9091D420AF8002CB2F4 /* Runtime(字典转模型) */,
				A698E9081D420AF8002CB2F4 /* Products */,
			);
			sourceTree = "<group>";
		};
		A698E9081D420AF8002CB2F4 /* Products */ = {
			isa = PBXGroup;
			children = (
				A698E9071D420AF8002CB2F4 /* Runtime(字典转模型).app */,
			);
			name = Products;
			sourceTree = "<group>";
		};
		A698E9091D420AF8002CB2F4 /* Runtime(字典转模型) */ = {
			isa = PBXGroup;
			children = (
				A698E90D1D420AF8002CB2F4 /* AppDelegate.h */,
				A698E90E1D420AF8002CB2F4 /* AppDelegate.m */,
				A698E9101D420AF8002CB2F4 /* ViewController.h */,
				A698E9111D420AF8002CB2F4 /* ViewController.m */,
				A698E9301D421D52002CB2F4 /* Model */,
				A698E92F1D421D35002CB2F4 /* Tool */,
				A698E9131D420AF8002CB2F4 /* Main.storyboard */,
				A698E9161D420AF8002CB2F4 /* Assets.xcassets */,
				A698E9181D420AF9002CB2F4 /* LaunchScreen.storyboard */,
				A698E91B1D420AF9002CB2F4 /* Info.plist */,
				A698E90A1D420AF8002CB2F4 /* Supporting Files */,
			);
			path = "Runtime(字典转模型)";
			sourceTree = "<group>";
		};
		A698E90A1D420AF8002CB2F4 /* Supporting Files */ = {
			isa = PBXGroup;
			children = (
				A698E9211D420B19002CB2F4 /* status.plist */,
				A698E90B1D420AF8002CB2F4 /* main.m */,
			);
			name = "Supporting Files";
			sourceTree = "<group>";
		};
		A698E92F1D421D35002CB2F4 /* Tool */ = {
			isa = PBXGroup;
			children = (
				A698E92C1D42152B002CB2F4 /* NSObject+Model.h */,
				A698E92D1D42152B002CB2F4 /* NSObject+Model.m */,
				A698E9261D420B61002CB2F4 /* NSObject+autoLogProperty.h */,
				A698E9271D420B61002CB2F4 /* NSObject+autoLogProperty.m */,
			);
			name = Tool;
			sourceTree = "<group>";
		};
		A698E9301D421D52002CB2F4 /* Model */ = {
			isa = PBXGroup;
			children = (
				A698E9291D420C8B002CB2F4 /* UserModel.h */,
				A698E92A1D420C8B002CB2F4 /* UserModel.m */,
				A698E9231D420B4B002CB2F4 /* StatusModel.h */,
				A698E9241D420B4B002CB2F4 /* StatusModel.m */,
			);
			name = Model;
			sourceTree = "<group>";
		};
/* End PBXGroup section */

/* Begin PBXNativeTarget section */
		A698E9061D420AF8002CB2F4 /* Runtime(字典转模型) */ = {
			isa = PBXNativeTarget;
			buildConfigurationList = A698E91E1D420AF9002CB2F4 /* Build configuration list for PBXNativeTarget "Runtime(字典转模型)" */;
			buildPhases = (
				A698E9031D420AF8002CB2F4 /* Sources */,
				A698E9041D420AF8002CB2F4 /* Frameworks */,
				A698E9051D420AF8002CB2F4 /* Resources */,
			);
			buildRules = (
			);
			dependencies = (
			);
			name = "Runtime(字典转模型)";
			productName = "Runtime(字典转模型)";
			productReference = A698E9071D420AF8002CB2F4 /* Runtime(字典转模型).app */;
			productType = "com.apple.product-type.application";
		};
/* End PBXNativeTarget section */

/* Begin PBXProject section */
		A698E8FF1D420AF8002CB2F4 /* Project object */ = {
			isa = PBXProject;
			attributes = {
				LastUpgradeCheck = 0730;
				ORGANIZATIONNAME = walker;
				TargetAttributes = {
					A698E9061D420AF8002CB2F4 = {
						CreatedOnToolsVersion = 7.3.1;
						DevelopmentTeam = A9DWS95K67;
					};
				};
			};
			buildConfigurationList = A698E9021D420AF8002CB2F4 /* Build configuration list for PBXProject "Runtime(字典转模型)" */;
			compatibilityVersion = "Xcode 3.2";
			developmentRegion = English;
			hasScannedForEncodings = 0;
			knownRegions = (
				en,
				Base,
			);
			mainGroup = A698E8FE1D420AF8002CB2F4;
			productRefGroup = A698E9081D420AF8002CB2F4 /* Products */;
			projectDirPath = "";
			projectRoot = "";
			targets = (
				A698E9061D420AF8002CB2F4 /* Runtime(字典转模型) */,
			);
		};
/* End PBXProject section */

/* Begin PBXResourcesBuildPhase section */
		A698E9051D420AF8002CB2F4 /* Resources */ = {
			isa = PBXResourcesBuildPhase;
			buildActionMask = 2147483647;
			files = (
				A698E91A1D420AF9002CB2F4 /* LaunchScreen.storyboard in Resources */,
				A698E9171D420AF8002CB2F4 /* Assets.xcassets in Resources */,
				A698E9221D420B19002CB2F4 /* status.plist in Resources */,
				A698E9151D420AF8002CB2F4 /* Main.storyboard in Resources */,
			);
			runOnlyForDeploymentPostprocessing = 0;
		};
/* End PBXResourcesBuildPhase section */

/* Begin PBXSourcesBuildPhase section */
		A698E9031D420AF8002CB2F4 /* Sources */ = {
			isa = PBXSourcesBuildPhase;
			buildActionMask = 2147483647;
			files = (
				A698E9281D420B61002CB2F4 /* NSObject+autoLogProperty.m in Sources */,
				A698E9121D420AF8002CB2F4 /* ViewController.m in Sources */,
				A698E92E1D42152B002CB2F4 /* NSObject+Model.m in Sources */,
				A698E92B1D420C8B002CB2F4 /* UserModel.m in Sources */,
				A698E9251D420B4B002CB2F4 /* StatusModel.m in Sources */,
				A698E90F1D420AF8002CB2F4 /* AppDelegate.m in Sources */,
				A698E90C1D420AF8002CB2F4 /* main.m in Sources */,
			);
			runOnlyForDeploymentPostprocessing = 0;
		};
/* End PBXSourcesBuildPhase section */

/* Begin PBXVariantGroup section */
		A698E9131D420AF8002CB2F4 /* Main.storyboard */ = {
			isa = PBXVariantGroup;
			children = (
				A698E9141D420AF8002CB2F4 /* Base */,
			);
			name = Main.storyboard;
			sourceTree = "<group>";
		};
		A698E9181D420AF9002CB2F4 /* LaunchScreen.storyboard */ = {
			isa = PBXVariantGroup;
			children = (
				A698E9191D420AF9002CB2F4 /* Base */,
			);
			name = LaunchScreen.storyboard;
			sourceTree = "<group>";
		};
/* End PBXVariantGroup section */

/* Begin XCBuildConfiguration section */
		A698E91C1D420AF9002CB2F4 /* Debug */ = {
			isa = XCBuildConfiguration;
			buildSettings = {
				ALWAYS_SEARCH_USER_PATHS = NO;
				CLANG_ANALYZER_NONNULL = YES;
				CLANG_CXX_LANGUAGE_STANDARD = "gnu++0x";
				CLANG_CXX_LIBRARY = "libc++";
				CLANG_ENABLE_MODULES = YES;
				CLANG_ENABLE_OBJC_ARC = YES;
				CLANG_WARN_BOOL_CONVERSION = YES;
				CLANG_WARN_CONSTANT_CONVERSION = YES;
				CLANG_WARN_DIRECT_OBJC_ISA_USAGE = YES_ERROR;
				CLANG_WARN_EMPTY_BODY = YES;
				CLANG_WARN_ENUM_CONVERSION = YES;
				CLANG_WARN_INT_CONVERSION = YES;
				CLANG_WARN_OBJC_ROOT_CLASS = YES_ERROR;
				CLANG_WARN_UNREACHABLE_CODE = YES;
				CLANG_WARN__DUPLICATE_METHOD_MATCH = YES;
				"CODE_SIGN_IDENTITY[sdk=iphoneos*]" = "iPhone Developer";
				COPY_PHASE_STRIP = NO;
				DEBUG_INFORMATION_FORMAT = dwarf;
				ENABLE_STRICT_OBJC_MSGSEND = YES;
				ENABLE_TESTABILITY = YES;
				GCC_C_LANGUAGE_STANDARD = gnu99;
				GCC_DYNAMIC_NO_PIC = NO;
				GCC_NO_COMMON_BLOCKS = YES;
				GCC_OPTIMIZATION_LEVEL = 0;
				GCC_PREPROCESSOR_DEFINITIONS = (
					"DEBUG=1",
					"$(inherited)",
				);
				GCC_WARN_64_TO_32_BIT_CONVERSION = YES;
				GCC_WARN_ABOUT_RETURN_TYPE = YES_ERROR;
				GCC_WARN_UNDECLARED_SELECTOR = YES;
				GCC_WARN_UNINITIALIZED_AUTOS = YES_AGGRESSIVE;
				GCC_WARN_UNUSED_FUNCTION = YES;
				GCC_WARN_UNUSED_VARIABLE = YES;
				IPHONEOS_DEPLOYMENT_TARGET = 9.3;
				MTL_ENABLE_DEBUG_INFO = YES;
				ONLY_ACTIVE_ARCH = YES;
				SDKROOT = iphoneos;
				TARGETED_DEVICE_FAMILY = "1,2";
			};
			name = Debug;
		};
		A698E91D1D420AF9002CB2F4 /* Release */ = {
			isa = XCBuildConfiguration;
			buildSettings = {
				ALWAYS_SEARCH_USER_PATHS = NO;
				CLANG_ANALYZER_NONNULL = YES;
				CLANG_CXX_LANGUAGE_STANDARD = "gnu++0x";
				CLANG_CXX_LIBRARY = "libc++";
				CLANG_ENABLE_MODULES = YES;
				CLANG_ENABLE_OBJC_ARC = YES;
				CLANG_WARN_BOOL_CONVERSION = YES;
				CLANG_WARN_CONSTANT_CONVERSION = YES;
				CLANG_WARN_DIRECT_OBJC_ISA_USAGE = YES_ERROR;
				CLANG_WARN_EMPTY_BODY = YES;
				CLANG_WARN_ENUM_CONVERSION = YES;
				CLANG_WARN_INT_CONVERSION = YES;
				CLANG_WARN_OBJC_ROOT_CLASS = YES_ERROR;
				CLANG_WARN_UNREACHABLE_CODE = YES;
				CLANG_WARN__DUPLICATE_METHOD_MATCH = YES;
				"CODE_SIGN_IDENTITY[sdk=iphoneos*]" = "iPhone Developer";
				COPY_PHASE_STRIP = NO;
				DEBUG_INFORMATION_FORMAT = "dwarf-with-dsym";
				ENABLE_NS_ASSERTIONS = NO;
				ENABLE_STRICT_OBJC_MSGSEND = YES;
				GCC_C_LANGUAGE_STANDARD = gnu99;
				GCC_NO_COMMON_BLOCKS = YES;
				GCC_WARN_64_TO_32_BIT_CONVERSION = YES;
				GCC_WARN_ABOUT_RETURN_TYPE = YES_ERROR;
				GCC_WARN_UNDECLARED_SELECTOR = YES;
				GCC_WARN_UNINITIALIZED_AUTOS = YES_AGGRESSIVE;
				GCC_WARN_UNUSED_FUNCTION = YES;
				GCC_WARN_UNUSED_VARIABLE = YES;
				IPHONEOS_DEPLOYMENT_TARGET = 9.3;
				MTL_ENABLE_DEBUG_INFO = NO;
				SDKROOT = iphoneos;
				TARGETED_DEVICE_FAMILY = "1,2";
				VALIDATE_PRODUCT = YES;
			};
			name = Release;
		};
		A698E91F1D420AF9002CB2F4 /* Debug */ = {
			isa = XCBuildConfiguration;
			buildSettings = {
				ASSETCATALOG_COMPILER_APPICON_NAME = AppIcon;
				INFOPLIST_FILE = "Runtime(字典转模型)/Info.plist";
				IPHONEOS_DEPLOYMENT_TARGET = 8.3;
				LD_RUNPATH_SEARCH_PATHS = "$(inherited) @executable_path/Frameworks";
				PRODUCT_BUNDLE_IDENTIFIER = "cn.sharma.www-bin.Runtime-------";
				PRODUCT_NAME = "$(TARGET_NAME)";
			};
			name = Debug;
		};
		A698E9201D420AF9002CB2F4 /* Release */ = {
			isa = XCBuildConfiguration;
			buildSettings = {
				ASSETCATALOG_COMPILER_APPICON_NAME = AppIcon;
				INFOPLIST_FILE = "Runtime(字典转模型)/Info.plist";
				IPHONEOS_DEPLOYMENT_TARGET = 8.3;
				LD_RUNPATH_SEARCH_PATHS = "$(inherited) @executable_path/Frameworks";
				PRODUCT_BUNDLE_IDENTIFIER = "cn.sharma.www-bin.Runtime-------";
				PRODUCT_NAME = "$(TARGET_NAME)";
			};
			name = Release;
		};
/* End XCBuildConfiguration section */

/* Begin XCConfigurationList section */
		A698E9021D420AF8002CB2F4 /* Build configuration list for PBXProject "Runtime(字典转模型)" */ = {
			isa = XCConfigurationList;
			buildConfigurations = (
				A698E91C1D420AF9002CB2F4 /* Debug */,
				A698E91D1D420AF9002CB2F4 /* Release */,
			);
			defaultConfigurationIsVisible = 0;
			defaultConfigurationName = Release;
		};
		A698E91E1D420AF9002CB2F4 /* Build configuration list for PBXNativeTarget "Runtime(字典转模型)" */ = {
			isa = XCConfigurationList;
			buildConfigurations = (
				A698E91F1D420AF9002CB2F4 /* Debug */,
				A698E9201D420AF9002CB2F4 /* Release */,
			);
			defaultConfigurationIsVisible = 0;
		};
/* End XCConfigurationList section */
	};
	rootObject = A698E8FF1D420AF8002CB2F4 /* Project object */;
}
